{
    "_meta": {
        "hash": {
            "sha256": "5a236f7a174ce4f11ebd038404ceaa0868f475d0863ebc3f86fb9671b70aeb5f"
        },
        "pipfile-spec": 6,
        "requires": {},
        "sources": [
            {
                "name": "pypi",
                "url": "https://pypi.python.org/simple",
                "verify_ssl": true
            }
        ]
    },
    "default": {
        "django": {
            "hashes": [
                "sha256:3de62e71ce2cfbcdecb6e344cad04948506c8410ea5c6eab15c8f3b31b8ac1c0",
                "sha256:679fc24b3e85bf5a07ca2f6d5c4cdf3d4477bbb02f43a6548335952cc75b5d23"
            ],
            "index": "pypi",
            "version": "==1.7.1"
        },
        "feedparser": {
            "hashes": [
                "sha256:1b7f57841d9cf85074deb316ed2c795091a238adb79846bc46dccdaf80f9c59a",
                "sha256:5ce0410a05ab248c8c7cfca3a0ea2203968ee9ff4486067379af4827a59f9661"
            ],
            "index": "pypi",
            "markers": "python_version >= '3.6'",
            "version": "==6.0.8"
        },
        "pyasn1": {
            "hashes": [
                "sha256:6f580d2bdd84365380830acf45550f2511469f673cb4a5ae3857a3170128b034"
            ],
            "markers": "python_version >= '3.8'",
            "version": "==0.6.1"
        },
        "pycrypto": {
            "hashes": [
                "sha256:f49d8aea2d7d65db9906c7d3b8b3a07fcae8387cf5cb06a7510383e211902d39"
            ],
            "index": "pypi",
            "version": "==2.4"
        },
        "pyjwt": {
            "hashes": [
                "sha256:2d30be6375be006a6fec531ba15ec9a7cf3ac88fd6ea3caa2b6f86a84c372acc",
                "sha256:a0019f8119cd9a31d9c29e7b47256b24642829c10941ee20f513487f466201d9"
            ],
            "index": "pypi",
            "version": "==0.4.2"
        },
        "requests": {
            "hashes": [
                "sha256:1266921f1bed5fbf364cd83cf239b6d7b3ea5c32ccccbc93980d9ba12cdcfd02",
                "sha256:b5bd2e1b78d28051108ebaa6248750221f9ccef52b4f054cb727de61b0406de0"
            ],
            "index": "pypi",
            "version": "==2.2.1"
        },
        "rsa": {
            "hashes": [
                "sha256:69805d6b69f56eb05b62daea3a7dbd7aa44324ad1306445e05da8060232d00f4",
                "sha256:a8774e55b59fd9fc893b0d05e9bfc6f47081f46ff5b46f39ccf24631b7be356b"
            ],
            "index": "pypi",
            "markers": "python_version >= '3.5' and python_version < '4'",
            "version": "==4.7"
        },
        "sgmllib3k": {
            "hashes": [
                "sha256:7868fb1c8bfa764c1ac563d3cf369c381d1325d36124933a726f29fcdaa812e9"
            ],
            "version": "==1.0.0"
        }
    },
    "develop": {}
}
