{
    "_meta": {
        "hash": {
            "sha256": "e032dac2405e8ae0cf77934f7dc276fb6304d6bd7a03b6cf3958daf96dade37b"
        },
        "pipfile-spec": 6,
        "requires": {},
        "sources": [
            {
                "name": "pypi",
                "url": "https://pypi.python.org/simple",
                "verify_ssl": true
            }
        ]
    },
    "default": {
        "certifi": {
            "hashes": [
                "sha256:1275f7a45be9464efc1173084eaa30f866fe2e47d389406136d332ed4967ec56",
                "sha256:b650d30f370c2b724812bee08008be0c4163b163ddaec3f2546c1caf65f191db"
            ],
            "markers": "python_version >= '3.6'",
            "version": "==2024.12.14"
        },
        "chardet": {
            "hashes": [
                "sha256:84ab92ed1c4d4f16916e05906b6b75a6c0fb5db821cc65e70cbd64a3e2a5eaae",
                "sha256:fc323ffcaeaed0e0a02bf4d117757b98aed530d9ed4531e3e15460124c106691"
            ],
            "version": "==3.0.4"
        },
        "django": {
            "hashes": [
                "sha256:3de62e71ce2cfbcdecb6e344cad04948506c8410ea5c6eab15c8f3b31b8ac1c0",
                "sha256:679fc24b3e85bf5a07ca2f6d5c4cdf3d4477bbb02f43a6548335952cc75b5d23"
            ],
            "index": "pypi",
            "version": "==1.7.1"
        },
        "feedparser": {
            "hashes": [
                "sha256:1b7f57841d9cf85074deb316ed2c795091a238adb79846bc46dccdaf80f9c59a",
                "sha256:5ce0410a05ab248c8c7cfca3a0ea2203968ee9ff4486067379af4827a59f9661"
            ],
            "index": "pypi",
            "markers": "python_version >= '3.6'",
            "version": "==6.0.8"
        },
        "idna": {
            "hashes": [
                "sha256:156a6814fb5ac1fc6850fb002e0852d56c0c8d2531923a51032d1b70760e186e",
                "sha256:684a38a6f903c1d71d6d5fac066b58d7768af4de2b832e426ec79c30daa94a16"
            ],
            "version": "==2.7"
        },
        "pyasn1": {
            "hashes": [
                "sha256:0d632f46f2ba09143da3a8afe9e33fb6f92fa2320ab7e886e2d0f7672af84629",
                "sha256:6f580d2bdd84365380830acf45550f2511469f673cb4a5ae3857a3170128b034"
            ],
            "markers": "python_version >= '3.8'",
            "version": "==0.6.1"
        },
        "pycrypto": {
            "hashes": [
                "sha256:f49d8aea2d7d65db9906c7d3b8b3a07fcae8387cf5cb06a7510383e211902d39"
            ],
            "index": "pypi",
            "version": "==2.4"
        },
        "pyjwt": {
            "hashes": [
                "sha256:2d30be6375be006a6fec531ba15ec9a7cf3ac88fd6ea3caa2b6f86a84c372acc",
                "sha256:a0019f8119cd9a31d9c29e7b47256b24642829c10941ee20f513487f466201d9"
            ],
            "index": "pypi",
            "version": "==0.4.2"
        },
        "requests": {
            "hashes": [
                "sha256:99dcfdaaeb17caf6e526f32b6a7b780461512ab3f1d992187801694cba42770c",
                "sha256:a84b8c9ab6239b578f22d1c21d51b696dcfe004032bb80ea832398d6909d7279"
            ],
            "index": "pypi",
            "markers": "python_version >= '2.7' and python_version not in '3.0, 3.1, 3.2, 3.3'",
            "version": "==2.20.0"
        },
        "rsa": {
            "hashes": [
                "sha256:0c7fde631f84f89e89ec671a9c58feb01ea25fab177dca08ba08650c548d48d5",
                "sha256:9f1b6d4015cdf788273ff329d43004a7abf43971e9b06160765bad5227e4d70a"
            ],
            "index": "pypi",
            "version": "==3.4"
        },
        "sgmllib3k": {
            "hashes": [
                "sha256:7868fb1c8bfa764c1ac563d3cf369c381d1325d36124933a726f29fcdaa812e9"
            ],
            "version": "==1.0.0"
        },
        "urllib3": {
            "hashes": [
                "sha256:2393a695cd12afedd0dcb26fe5d50d0cf248e5a66f75dbd89a3d4eb333a61af4",
                "sha256:a637e5fae88995b256e3409dc4d52c2e2e0ba32c42a6365fee8bbd2238de3cfb"
            ],
            "markers": "python_version >= '2.7' and python_version not in '3.0, 3.1, 3.2, 3.3' and python_version < '4'",
            "version": "==1.24.3"
        }
    },
    "develop": {}
}
